
Microsoft Visual Studio Solution File, Format Version 12.00
# Visual Studio Version 17
VisualStudioVersion = 17.13.35931.197 d17.13
MinimumVisualStudioVersion = 10.0.40219.1
Project("{8BC9CEB8-8B4A-11D0-8D11-00A0C91BC942}") = "fibonacci1", "fibonacci1.vcxproj", "{089B0EF6-EE8A-4D17-A358-5EB24EF58A65}"
EndProject
Global
	GlobalSection(SolutionConfigurationPlatforms) = preSolution
		Debug|x64 = Debug|x64
		Debug|x86 = Debug|x86
		Release|x64 = Release|x64
		Release|x86 = Release|x86
	EndGlobalSection
	GlobalSection(ProjectConfigurationPlatforms) = postSolution
		{089B0EF6-EE8A-4D17-A358-5EB24EF58A65}.Debug|x64.ActiveCfg = Debug|x64
		{089B0EF6-EE8A-4D17-A358-5EB24EF58A65}.Debug|x64.Build.0 = Debug|x64
		{089B0EF6-EE8A-4D17-A358-5EB24EF58A65}.Debug|x86.ActiveCfg = Debug|Win32
		{089B0EF6-EE8A-4D17-A358-5EB24EF58A65}.Debug|x86.Build.0 = Debug|Win32
		{089B0EF6-EE8A-4D17-A358-5EB24EF58A65}.Release|x64.ActiveCfg = Release|x64
		{089B0EF6-EE8A-4D17-A358-5EB24EF58A65}.Release|x64.Build.0 = Release|x64
		{089B0EF6-EE8A-4D17-A358-5EB24EF58A65}.Release|x86.ActiveCfg = Release|Win32
		{089B0EF6-EE8A-4D17-A358-5EB24EF58A65}.Release|x86.Build.0 = Release|Win32
	EndGlobalSection
	GlobalSection(SolutionProperties) = preSolution
		HideSolutionNode = FALSE
	EndGlobalSection
	GlobalSection(ExtensibilityGlobals) = postSolution
		SolutionGuid = {6E3F9A9E-95F1-420F-B65E-454FC4BD5BE8}
	EndGlobalSection
EndGlobal
